
Microsoft Visual Studio Solution File, Format Version 12.00
# Visual Studio Version 17
VisualStudioVersion = 17.8.34330.188
MinimumVisualStudioVersion = 10.0.40219.1
Project("{FAE04EC0-301F-11D3-BF4B-00C04F79EFBC}") = "SIPAM", "SIPAM\SIPAM.csproj", "{9997BE06-985E-44E9-A271-3C7D9E782514}"
EndProject
Global
	GlobalSection(SolutionConfigurationPlatforms) = preSolution
		Debug|Any CPU = Debug|Any CPU
		Release|Any CPU = Release|Any CPU
	EndGlobalSection
	GlobalSection(ProjectConfigurationPlatforms) = postSolution
		{9997BE06-985E-44E9-A271-3C7D9E782514}.Debug|Any CPU.ActiveCfg = Debug|Any CPU
		{9997BE06-985E-44E9-A271-3C7D9E782514}.Debug|Any CPU.Build.0 = Debug|Any CPU
		{9997BE06-985E-44E9-A271-3C7D9E782514}.Release|Any CPU.ActiveCfg = Release|Any CPU
		{9997BE06-985E-44E9-A271-3C7D9E782514}.Release|Any CPU.Build.0 = Release|Any CPU
	EndGlobalSection
	GlobalSection(SolutionProperties) = preSolution
		HideSolutionNode = FALSE
	EndGlobalSection
	GlobalSection(ExtensibilityGlobals) = postSolution
		VisualSVNWorkingCopyRoot = .
		SolutionGuid = {D925DB7F-0E48-43E7-9229-8B11EE1BD4DD}
	EndGlobalSection
EndGlobal
